
Microsoft Visual Studio Solution File, Format Version 12.00
# Visual Studio Version 16
VisualStudioVersion = 25.0.1705.2
MinimumVisualStudioVersion = 10.0.40219.1
Project("{FAE04EC0-301F-11D3-BF4B-00C04F79EFBC}") = "Mission12_red328", "Mission12_red328.csproj", "{49F32CA5-79AE-4138-B5F8-ECC553CA6410}"
EndProject
Global
	GlobalSection(SolutionConfigurationPlatforms) = preSolution
		Debug|Any CPU = Debug|Any CPU
		Release|Any CPU = Release|Any CPU
	EndGlobalSection
	GlobalSection(ProjectConfigurationPlatforms) = postSolution
		{49F32CA5-79AE-4138-B5F8-ECC553CA6410}.Debug|Any CPU.ActiveCfg = Debug|Any CPU
		{49F32CA5-79AE-4138-B5F8-ECC553CA6410}.Debug|Any CPU.Build.0 = Debug|Any CPU
		{49F32CA5-79AE-4138-B5F8-ECC553CA6410}.Release|Any CPU.ActiveCfg = Release|Any CPU
		{49F32CA5-79AE-4138-B5F8-ECC553CA6410}.Release|Any CPU.Build.0 = Release|Any CPU
	EndGlobalSection
	GlobalSection(SolutionProperties) = preSolution
		HideSolutionNode = FALSE
	EndGlobalSection
	GlobalSection(ExtensibilityGlobals) = postSolution
		SolutionGuid = {2D13331A-B0C5-4E17-833B-97747D5E8FE7}
	EndGlobalSection
EndGlobal
